<?xml version="1.0" encoding="utf-8"?>
<Project ToolsVersion="4.0" xmlns="http://schemas.microsoft.com/developer/msbuild/2003">
  <ItemGroup>
    <Filter Include="Archivos de origen">
      <UniqueIdentifier>{4FC737F1-C7A5-4376-A066-2A32D752A2FF}</UniqueIdentifier>
      <Extensions>cpp;c;cc;cxx;c++;cppm;ixx;def;odl;idl;hpj;bat;asm;asmx</Extensions>
    </Filter>
    <Filter Include="Archivos de encabezado">
      <UniqueIdentifier>{93995380-89BD-4b04-88EB-625FBE52EBFB}</UniqueIdentifier>
      <Extensions>h;hh;hpp;hxx;h++;hm;inl;inc;ipp;xsd</Extensions>
    </Filter>
    <Filter Include="Archivos de recursos">
      <UniqueIdentifier>{67DA6AB6-F800-4c08-8B7A-83BB121AAD01}</UniqueIdentifier>
      <Extensions>rc;ico;cur;bmp;dlg;rc2;rct;bin;rgs;gif;jpg;jpeg;jpe;resx;tiff;tif;png;wav;mfcribbon-ms</Extensions>
    </Filter>
    <Filter Include="Archivos de encabezado\Orden">
      <UniqueIdentifier>{87f44f31-d0eb-4a33-8ba9-2629275a2067}</UniqueIdentifier>
    </Filter>
    <Filter Include="Archivos de encabezado\Pagos">
      <UniqueIdentifier>{bec331ab-bcb6-4ba6-9ff8-633dfe3c34f4}</UniqueIdentifier>
    </Filter>
    <Filter Include="Archivos de encabezado\Usuario">
      <UniqueIdentifier>{f9a31306-10cc-4be1-8fc9-1f9341d59948}</UniqueIdentifier>
    </Filter>
    <Filter Include="Archivos de encabezado\Login">
      <UniqueIdentifier>{76c07fef-0eac-4d2d-987f-414c277d6789}</UniqueIdentifier>
    </Filter>
    <Filter Include="Archivos de encabezado\Controladores">
      <UniqueIdentifier>{0dfbcccd-e724-4533-98ab-022c4132ed59}</UniqueIdentifier>
    </Filter>
  </ItemGroup>
  <ItemGroup>
    <ClCompile Include="main.cpp">
      <Filter>Archivos de origen</Filter>
    </ClCompile>
  </ItemGroup>
  <ItemGroup>
    <ClInclude Include="Recursos.h">
      <Filter>Archivos de encabezado</Filter>
    </ClInclude>
    <ClInclude Include="ProductosPadre.h">
      <Filter>Archivos de encabezado\Orden</Filter>
    </ClInclude>
    <ClInclude Include="Pizzas.h">
      <Filter>Archivos de encabezado\Orden</Filter>
    </ClInclude>
    <ClInclude Include="Pastas.h">
      <Filter>Archivos de encabezado\Orden</Filter>
    </ClInclude>
    <ClInclude Include="Bebidas.h">
      <Filter>Archivos de encabezado\Orden</Filter>
    </ClInclude>
    <ClInclude Include="Postres.h">
      <Filter>Archivos de encabezado\Orden</Filter>
    </ClInclude>
    <ClInclude Include="Orden.h">
      <Filter>Archivos de encabezado\Orden</Filter>
    </ClInclude>
    <ClInclude Include="OrdenBuilder.h">
      <Filter>Archivos de encabezado\Orden</Filter>
    </ClInclude>
    <ClInclude Include="CuentaBancaria.h">
      <Filter>Archivos de encabezado\Pagos</Filter>
    </ClInclude>
    <ClInclude Include="MetodoPagos.h">
      <Filter>Archivos de encabezado\Pagos</Filter>
    </ClInclude>
    <ClInclude Include="Usuario.h">
      <Filter>Archivos de encabezado\Usuario</Filter>
    </ClInclude>
    <ClInclude Include="Cliente.h">
      <Filter>Archivos de encabezado\Usuario</Filter>
    </ClInclude>
    <ClInclude Include="Tarjetas.h">
      <Filter>Archivos de encabezado\Pagos</Filter>
    </ClInclude>
    <ClInclude Include="Login.h">
      <Filter>Archivos de encabezado\Login</Filter>
    </ClInclude>
    <ClInclude Include="Registro.h">
      <Filter>Archivos de encabezado\Login</Filter>
    </ClInclude>
    <ClInclude Include="ValidarTrabajador.h">
      <Filter>Archivos de encabezado\Login</Filter>
    </ClInclude>
    <ClInclude Include="ValidarCliente.h">
      <Filter>Archivos de encabezado\Login</Filter>
    </ClInclude>
    <ClInclude Include="SistemaOrdenes.h">
      <Filter>Archivos de encabezado\Controladores</Filter>
    </ClInclude>
    <ClInclude Include="Sesion.h">
      <Filter>Archivos de encabezado\Controladores</Filter>
    </ClInclude>
    <ClInclude Include="SistemaPagos.h">
      <Filter>Archivos de encabezado\Controladores</Filter>
    </ClInclude>
    <ClInclude Include="Boleta.h">
      <Filter>Archivos de encabezado\Orden</Filter>
    </ClInclude>
    <ClInclude Include="MenuOpciones.h">
      <Filter>Archivos de encabezado\Controladores</Filter>
    </ClInclude>
    <ClInclude Include="Lista.h">
      <Filter>Archivos de encabezado</Filter>
    </ClInclude>
  </ItemGroup>
</Project>